
Microsoft Visual Studio Solution File, Format Version 12.00
# Visual Studio Version 16
VisualStudioVersion = 16.0.30611.23
MinimumVisualStudioVersion = 10.0.40219.1
Project("{FAE04EC0-301F-11D3-BF4B-00C04F79EFBC}") = "DZ1_Project", "DZ1_Project\DZ1_Project.csproj", "{3D29965D-BDB8-4A9A-B087-92B0BA364C72}"
EndProject
Project("{FAE04EC0-301F-11D3-BF4B-00C04F79EFBC}") = "ClassLibrary", "ClassLibrary\ClassLibrary.csproj", "{5E962389-73DE-41C0-984F-E2D5C412037D}"
EndProject
Global
	GlobalSection(SolutionConfigurationPlatforms) = preSolution
		Debug|Any CPU = Debug|Any CPU
		Release|Any CPU = Release|Any CPU
	EndGlobalSection
	GlobalSection(ProjectConfigurationPlatforms) = postSolution
		{3D29965D-BDB8-4A9A-B087-92B0BA364C72}.Debug|Any CPU.ActiveCfg = Debug|Any CPU
		{3D29965D-BDB8-4A9A-B087-92B0BA364C72}.Debug|Any CPU.Build.0 = Debug|Any CPU
		{3D29965D-BDB8-4A9A-B087-92B0BA364C72}.Release|Any CPU.ActiveCfg = Release|Any CPU
		{3D29965D-BDB8-4A9A-B087-92B0BA364C72}.Release|Any CPU.Build.0 = Release|Any CPU
		{5E962389-73DE-41C0-984F-E2D5C412037D}.Debug|Any CPU.ActiveCfg = Debug|Any CPU
		{5E962389-73DE-41C0-984F-E2D5C412037D}.Debug|Any CPU.Build.0 = Debug|Any CPU
		{5E962389-73DE-41C0-984F-E2D5C412037D}.Release|Any CPU.ActiveCfg = Release|Any CPU
		{5E962389-73DE-41C0-984F-E2D5C412037D}.Release|Any CPU.Build.0 = Release|Any CPU
	EndGlobalSection
	GlobalSection(SolutionProperties) = preSolution
		HideSolutionNode = FALSE
	EndGlobalSection
	GlobalSection(ExtensibilityGlobals) = postSolution
		SolutionGuid = {EDCF2970-EAC2-4FB7-9C19-FA698C292712}
	EndGlobalSection
EndGlobal
